// !$*UTF8*$!
{
	archiveVersion = 1;
	classes = {
	};
	objectVersion = 51;
	objects = {

/* Begin PBXBuildFile section */
		4404934D250F1553007242F7 /* AppDelegate.m in Sources */ = {isa = PBXBuildFile; fileRef = 4404934C250F1553007242F7 /* AppDelegate.m */; };
		44049350250F1553007242F7 /* SceneDelegate.m in Sources */ = {isa = PBXBuildFile; fileRef = 4404934F250F1553007242F7 /* SceneDelegate.m */; };
		44049353250F1553007242F7 /* ViewController.m in Sources */ = {isa = PBXBuildFile; fileRef = 44049352250F1553007242F7 /* ViewController.m */; };
		44049356250F1553007242F7 /* Main.storyboard in Resources */ = {isa = PBXBuildFile; fileRef = 44049354250F1553007242F7 /* Main.storyboard */; };
		4404935A250F1556007242F7 /* Assets.xcassets in Resources */ = {isa = PBXBuildFile; fileRef = 44049359250F1556007242F7 /* Assets.xcassets */; };
		4404935D250F1556007242F7 /* LaunchScreen.storyboard in Resources */ = {isa = PBXBuildFile; fileRef = 4404935B250F1556007242F7 /* LaunchScreen.storyboard */; };
		44049360250F1556007242F7 /* main.m in Sources */ = {isa = PBXBuildFile; fileRef = 4404935F250F1556007242F7 /* main.m */; };
		445DC8CD2515F5C3006408A9 /* File.swift in Sources */ = {isa = PBXBuildFile; fileRef = 445DC8CC2515F5C3006408A9 /* File.swift */; };
		60421BEE77E4A63CBF3ADABC /* Pods_H200914_Test_Protocol.framework in Frameworks */ = {isa = PBXBuildFile; fileRef = B8C0D41EBFB3911623B52F07 /* Pods_H200914_Test_Protocol.framework */; };
/* End PBXBuildFile section */

/* Begin PBXFileReference section */
		44049348250F1553007242F7 /* H200914_Test_Protocol.app */ = {isa = PBXFileReference; explicitFileType = wrapper.application; includeInIndex = 0; path = H200914_Test_Protocol.app; sourceTree = BUILT_PRODUCTS_DIR; };
		4404934B250F1553007242F7 /* AppDelegate.h */ = {isa = PBXFileReference; lastKnownFileType = sourcecode.c.h; path = AppDelegate.h; sourceTree = "<group>"; };
		4404934C250F1553007242F7 /* AppDelegate.m */ = {isa = PBXFileReference; lastKnownFileType = sourcecode.c.objc; path = AppDelegate.m; sourceTree = "<group>"; };
		4404934E250F1553007242F7 /* SceneDelegate.h */ = {isa = PBXFileReference; lastKnownFileType = sourcecode.c.h; path = SceneDelegate.h; sourceTree = "<group>"; };
		4404934F250F1553007242F7 /* SceneDelegate.m */ = {isa = PBXFileReference; lastKnownFileType = sourcecode.c.objc; path = SceneDelegate.m; sourceTree = "<group>"; };
		44049351250F1553007242F7 /* ViewController.h */ = {isa = PBXFileReference; lastKnownFileType = sourcecode.c.h; path = ViewController.h; sourceTree = "<group>"; };
		44049352250F1553007242F7 /* ViewController.m */ = {isa = PBXFileReference; lastKnownFileType = sourcecode.c.objc; path = ViewController.m; sourceTree = "<group>"; };
		44049355250F1553007242F7 /* Base */ = {isa = PBXFileReference; lastKnownFileType = file.storyboard; name = Base; path = Base.lproj/Main.storyboard; sourceTree = "<group>"; };
		44049359250F1556007242F7 /* Assets.xcassets */ = {isa = PBXFileReference; lastKnownFileType = folder.assetcatalog; path = Assets.xcassets; sourceTree = "<group>"; };
		4404935C250F1556007242F7 /* Base */ = {isa = PBXFileReference; lastKnownFileType = file.storyboard; name = Base; path = Base.lproj/LaunchScreen.storyboard; sourceTree = "<group>"; };
		4404935E250F1556007242F7 /* Info.plist */ = {isa = PBXFileReference; lastKnownFileType = text.plist.xml; path = Info.plist; sourceTree = "<group>"; };
		4404935F250F1556007242F7 /* main.m */ = {isa = PBXFileReference; lastKnownFileType = sourcecode.c.objc; path = main.m; sourceTree = "<group>"; };
		445DC8CB2515F5C3006408A9 /* H200914_Test_Protocol-Bridging-Header.h */ = {isa = PBXFileReference; lastKnownFileType = sourcecode.c.h; path = "H200914_Test_Protocol-Bridging-Header.h"; sourceTree = "<group>"; };
		445DC8CC2515F5C3006408A9 /* File.swift */ = {isa = PBXFileReference; lastKnownFileType = sourcecode.swift; path = File.swift; sourceTree = "<group>"; };
		5177594BFF9D432A11F17830 /* Pods-H200914_Test_Protocol.release.xcconfig */ = {isa = PBXFileReference; includeInIndex = 1; lastKnownFileType = text.xcconfig; name = "Pods-H200914_Test_Protocol.release.xcconfig"; path = "Target Support Files/Pods-H200914_Test_Protocol/Pods-H200914_Test_Protocol.release.xcconfig"; sourceTree = "<group>"; };
		8BAB221D06B6AA4E4E8BB46A /* Pods-H200914_Test_Protocol.debug.xcconfig */ = {isa = PBXFileReference; includeInIndex = 1; lastKnownFileType = text.xcconfig; name = "Pods-H200914_Test_Protocol.debug.xcconfig"; path = "Target Support Files/Pods-H200914_Test_Protocol/Pods-H200914_Test_Protocol.debug.xcconfig"; sourceTree = "<group>"; };
		B8C0D41EBFB3911623B52F07 /* Pods_H200914_Test_Protocol.framework */ = {isa = PBXFileReference; explicitFileType = wrapper.framework; includeInIndex = 0; path = Pods_H200914_Test_Protocol.framework; sourceTree = BUILT_PRODUCTS_DIR; };
/* End PBXFileReference section */

/* Begin PBXFrameworksBuildPhase section */
		44049345250F1553007242F7 /* Frameworks */ = {
			isa = PBXFrameworksBuildPhase;
			buildActionMask = 2147483647;
			files = (
				60421BEE77E4A63CBF3ADABC /* Pods_H200914_Test_Protocol.framework in Frameworks */,
			);
			runOnlyForDeploymentPostprocessing = 0;
		};
/* End PBXFrameworksBuildPhase section */

/* Begin PBXGroup section */
		0DBB77EB3FEEE7E55A072FBD /* Pods */ = {
			isa = PBXGroup;
			children = (
				8BAB221D06B6AA4E4E8BB46A /* Pods-H200914_Test_Protocol.debug.xcconfig */,
				5177594BFF9D432A11F17830 /* Pods-H200914_Test_Protocol.release.xcconfig */,
			);
			path = Pods;
			sourceTree = "<group>";
		};
		4404933F250F1553007242F7 = {
			isa = PBXGroup;
			children = (
				4404934A250F1553007242F7 /* H200914_Test_Protocol */,
				44049349250F1553007242F7 /* Products */,
				0DBB77EB3FEEE7E55A072FBD /* Pods */,
				5F120FEF0916C1BCBB0170E5 /* Frameworks */,
			);
			sourceTree = "<group>";
		};
		44049349250F1553007242F7 /* Products */ = {
			isa = PBXGroup;
			children = (
				44049348250F1553007242F7 /* H200914_Test_Protocol.app */,
			);
			name = Products;
			sourceTree = "<group>";
		};
		4404934A250F1553007242F7 /* H200914_Test_Protocol */ = {
			isa = PBXGroup;
			children = (
				4404934B250F1553007242F7 /* AppDelegate.h */,
				4404934C250F1553007242F7 /* AppDelegate.m */,
				4404934E250F1553007242F7 /* SceneDelegate.h */,
				4404934F250F1553007242F7 /* SceneDelegate.m */,
				44049351250F1553007242F7 /* ViewController.h */,
				44049352250F1553007242F7 /* ViewController.m */,
				44049354250F1553007242F7 /* Main.storyboard */,
				44049359250F1556007242F7 /* Assets.xcassets */,
				4404935B250F1556007242F7 /* LaunchScreen.storyboard */,
				4404935E250F1556007242F7 /* Info.plist */,
				4404935F250F1556007242F7 /* main.m */,
				445DC8CC2515F5C3006408A9 /* File.swift */,
				445DC8CB2515F5C3006408A9 /* H200914_Test_Protocol-Bridging-Header.h */,
			);
			path = H200914_Test_Protocol;
			sourceTree = "<group>";
		};
		5F120FEF0916C1BCBB0170E5 /* Frameworks */ = {
			isa = PBXGroup;
			children = (
				B8C0D41EBFB3911623B52F07 /* Pods_H200914_Test_Protocol.framework */,
			);
			name = Frameworks;
			sourceTree = "<group>";
		};
/* End PBXGroup section */

/* Begin PBXNativeTarget section */
		44049347250F1553007242F7 /* H200914_Test_Protocol */ = {
			isa = PBXNativeTarget;
			buildConfigurationList = 44049363250F1556007242F7 /* Build configuration list for PBXNativeTarget "H200914_Test_Protocol" */;
			buildPhases = (
				2B102237ECEA234412782BCC /* [CP] Check Pods Manifest.lock */,
				44049344250F1553007242F7 /* Sources */,
				44049345250F1553007242F7 /* Frameworks */,
				44049346250F1553007242F7 /* Resources */,
				408F0D70EC69C93C9158ADAD /* [CP] Embed Pods Frameworks */,
			);
			buildRules = (
			);
			dependencies = (
			);
			name = H200914_Test_Protocol;
			productName = H200914_Test_Protocol;
			productReference = 44049348250F1553007242F7 /* H200914_Test_Protocol.app */;
			productType = "com.apple.product-type.application";
		};
/* End PBXNativeTarget section */

/* Begin PBXProject section */
		44049340250F1553007242F7 /* Project object */ = {
			isa = PBXProject;
			attributes = {
				LastSwiftUpdateCheck = 1200;
				LastUpgradeCheck = 1200;
				TargetAttributes = {
					44049347250F1553007242F7 = {
						CreatedOnToolsVersion = 12.0;
						LastSwiftMigration = 1200;
					};
				};
			};
			buildConfigurationList = 44049343250F1553007242F7 /* Build configuration list for PBXProject "H200914_Test_Protocol" */;
			compatibilityVersion = "Xcode 9.3";
			developmentRegion = en;
			hasScannedForEncodings = 0;
			knownRegions = (
				en,
				Base,
			);
			mainGroup = 4404933F250F1553007242F7;
			productRefGroup = 44049349250F1553007242F7 /* Products */;
			projectDirPath = "";
			projectRoot = "";
			targets = (
				44049347250F1553007242F7 /* H200914_Test_Protocol */,
			);
		};
/* End PBXProject section */

/* Begin PBXResourcesBuildPhase section */
		44049346250F1553007242F7 /* Resources */ = {
			isa = PBXResourcesBuildPhase;
			buildActionMask = 2147483647;
			files = (
				4404935D250F1556007242F7 /* LaunchScreen.storyboard in Resources */,
				4404935A250F1556007242F7 /* Assets.xcassets in Resources */,
				44049356250F1553007242F7 /* Main.storyboard in Resources */,
			);
			runOnlyForDeploymentPostprocessing = 0;
		};
/* End PBXResourcesBuildPhase section */

/* Begin PBXShellScriptBuildPhase section */
		2B102237ECEA234412782BCC /* [CP] Check Pods Manifest.lock */ = {
			isa = PBXShellScriptBuildPhase;
			buildActionMask = 2147483647;
			files = (
			);
			inputFileListPaths = (
			);
			inputPaths = (
				"${PODS_PODFILE_DIR_PATH}/Podfile.lock",
				"${PODS_ROOT}/Manifest.lock",
			);
			name = "[CP] Check Pods Manifest.lock";
			outputFileListPaths = (
			);
			outputPaths = (
				"$(DERIVED_FILE_DIR)/Pods-H200914_Test_Protocol-checkManifestLockResult.txt",
			);
			runOnlyForDeploymentPostprocessing = 0;
			shellPath = /bin/sh;
			shellScript = "diff \"${PODS_PODFILE_DIR_PATH}/Podfile.lock\" \"${PODS_ROOT}/Manifest.lock\" > /dev/null\nif [ $? != 0 ] ; then\n    # print error to STDERR\n    echo \"error: The sandbox is not in sync with the Podfile.lock. Run 'pod install' or update your CocoaPods installation.\" >&2\n    exit 1\nfi\n# This output is used by Xcode 'outputs' to avoid re-running this script phase.\necho \"SUCCESS\" > \"${SCRIPT_OUTPUT_FILE_0}\"\n";
			showEnvVarsInLog = 0;
		};
		408F0D70EC69C93C9158ADAD /* [CP] Embed Pods Frameworks */ = {
			isa = PBXShellScriptBuildPhase;
			buildActionMask = 2147483647;
			files = (
			);
			inputFileListPaths = (
				"${PODS_ROOT}/Target Support Files/Pods-H200914_Test_Protocol/Pods-H200914_Test_Protocol-frameworks-${CONFIGURATION}-input-files.xcfilelist",
			);
			name = "[CP] Embed Pods Frameworks";
			outputFileListPaths = (
				"${PODS_ROOT}/Target Support Files/Pods-H200914_Test_Protocol/Pods-H200914_Test_Protocol-frameworks-${CONFIGURATION}-output-files.xcfilelist",
			);
			runOnlyForDeploymentPostprocessing = 0;
			shellPath = /bin/sh;
			shellScript = "\"${PODS_ROOT}/Target Support Files/Pods-H200914_Test_Protocol/Pods-H200914_Test_Protocol-frameworks.sh\"\n";
			showEnvVarsInLog = 0;
		};
/* End PBXShellScriptBuildPhase section */

/* Begin PBXSourcesBuildPhase section */
		44049344250F1553007242F7 /* Sources */ = {
			isa = PBXSourcesBuildPhase;
			buildActionMask = 2147483647;
			files = (
				445DC8CD2515F5C3006408A9 /* File.swift in Sources */,
				44049360250F1556007242F7 /* main.m in Sources */,
				44049353250F1553007242F7 /* ViewController.m in Sources */,
				4404934D250F1553007242F7 /* AppDelegate.m in Sources */,
				44049350250F1553007242F7 /* SceneDelegate.m in Sources */,
			);
			runOnlyForDeploymentPostprocessing = 0;
		};
/* End PBXSourcesBuildPhase section */

/* Begin PBXVariantGroup section */
		44049354250F1553007242F7 /* Main.storyboard */ = {
			isa = PBXVariantGroup;
			children = (
				44049355250F1553007242F7 /* Base */,
			);
			name = Main.storyboard;
			sourceTree = "<group>";
		};
		4404935B250F1556007242F7 /* LaunchScreen.storyboard */ = {
			isa = PBXVariantGroup;
			children = (
				4404935C250F1556007242F7 /* Base */,
			);
			name = LaunchScreen.storyboard;
			sourceTree = "<group>";
		};
/* End PBXVariantGroup section */

/* Begin XCBuildConfiguration section */
		44049361250F1556007242F7 /* Debug */ = {
			isa = XCBuildConfiguration;
			buildSettings = {
				ALWAYS_SEARCH_USER_PATHS = NO;
				CLANG_ANALYZER_NONNULL = YES;
				CLANG_ANALYZER_NUMBER_OBJECT_CONVERSION = YES_AGGRESSIVE;
				CLANG_CXX_LANGUAGE_STANDARD = "gnu++14";
				CLANG_CXX_LIBRARY = "libc++";
				CLANG_ENABLE_MODULES = YES;
				CLANG_ENABLE_OBJC_ARC = YES;
				CLANG_ENABLE_OBJC_WEAK = YES;
				CLANG_WARN_BLOCK_CAPTURE_AUTORELEASING = YES;
				CLANG_WARN_BOOL_CONVERSION = YES;
				CLANG_WARN_COMMA = YES;
				CLANG_WARN_CONSTANT_CONVERSION = YES;
				CLANG_WARN_DEPRECATED_OBJC_IMPLEMENTATIONS = YES;
				CLANG_WARN_DIRECT_OBJC_ISA_USAGE = YES_ERROR;
				CLANG_WARN_DOCUMENTATION_COMMENTS = YES;
				CLANG_WARN_EMPTY_BODY = YES;
				CLANG_WARN_ENUM_CONVERSION = YES;
				CLANG_WARN_INFINITE_RECURSION = YES;
				CLANG_WARN_INT_CONVERSION = YES;
				CLANG_WARN_NON_LITERAL_NULL_CONVERSION = YES;
				CLANG_WARN_OBJC_IMPLICIT_RETAIN_SELF = YES;
				CLANG_WARN_OBJC_LITERAL_CONVERSION = YES;
				CLANG_WARN_OBJC_ROOT_CLASS = YES_ERROR;
				CLANG_WARN_QUOTED_INCLUDE_IN_FRAMEWORK_HEADER = YES;
				CLANG_WARN_RANGE_LOOP_ANALYSIS = YES;
				CLANG_WARN_STRICT_PROTOTYPES = YES;
				CLANG_WARN_SUSPICIOUS_MOVE = YES;
				CLANG_WARN_UNGUARDED_AVAILABILITY = YES_AGGRESSIVE;
				CLANG_WARN_UNREACHABLE_CODE = YES;
				CLANG_WARN__DUPLICATE_METHOD_MATCH = YES;
				COPY_PHASE_STRIP = NO;
				DEBUG_INFORMATION_FORMAT = dwarf;
				ENABLE_STRICT_OBJC_MSGSEND = YES;
				ENABLE_TESTABILITY = YES;
				GCC_C_LANGUAGE_STANDARD = gnu11;
				GCC_DYNAMIC_NO_PIC = NO;
				GCC_NO_COMMON_BLOCKS = YES;
				GCC_OPTIMIZATION_LEVEL = 0;
				GCC_PREPROCESSOR_DEFINITIONS = (
					"DEBUG=1",
					"$(inherited)",
				);
				GCC_WARN_64_TO_32_BIT_CONVERSION = YES;
				GCC_WARN_ABOUT_RETURN_TYPE = YES_ERROR;
				GCC_WARN_UNDECLARED_SELECTOR = YES;
				GCC_WARN_UNINITIALIZED_AUTOS = YES_AGGRESSIVE;
				GCC_WARN_UNUSED_FUNCTION = YES;
				GCC_WARN_UNUSED_VARIABLE = YES;
				IPHONEOS_DEPLOYMENT_TARGET = 14.0;
				MTL_ENABLE_DEBUG_INFO = INCLUDE_SOURCE;
				MTL_FAST_MATH = YES;
				ONLY_ACTIVE_ARCH = YES;
				SDKROOT = iphoneos;
			};
			name = Debug;
		};
		44049362250F1556007242F7 /* Release */ = {
			isa = XCBuildConfiguration;
			buildSettings = {
				ALWAYS_SEARCH_USER_PATHS = NO;
				CLANG_ANALYZER_NONNULL = YES;
				CLANG_ANALYZER_NUMBER_OBJECT_CONVERSION = YES_AGGRESSIVE;
				CLANG_CXX_LANGUAGE_STANDARD = "gnu++14";
				CLANG_CXX_LIBRARY = "libc++";
				CLANG_ENABLE_MODULES = YES;
				CLANG_ENABLE_OBJC_ARC = YES;
				CLANG_ENABLE_OBJC_WEAK = YES;
				CLANG_WARN_BLOCK_CAPTURE_AUTORELEASING = YES;
				CLANG_WARN_BOOL_CONVERSION = YES;
				CLANG_WARN_COMMA = YES;
				CLANG_WARN_CONSTANT_CONVERSION = YES;
				CLANG_WARN_DEPRECATED_OBJC_IMPLEMENTATIONS = YES;
				CLANG_WARN_DIRECT_OBJC_ISA_USAGE = YES_ERROR;
				CLANG_WARN_DOCUMENTATION_COMMENTS = YES;
				CLANG_WARN_EMPTY_BODY = YES;
				CLANG_WARN_ENUM_CONVERSION = YES;
				CLANG_WARN_INFINITE_RECURSION = YES;
				CLANG_WARN_INT_CONVERSION = YES;
				CLANG_WARN_NON_LITERAL_NULL_CONVERSION = YES;
				CLANG_WARN_OBJC_IMPLICIT_RETAIN_SELF = YES;
				CLANG_WARN_OBJC_LITERAL_CONVERSION = YES;
				CLANG_WARN_OBJC_ROOT_CLASS = YES_ERROR;
				CLANG_WARN_QUOTED_INCLUDE_IN_FRAMEWORK_HEADER = YES;
				CLANG_WARN_RANGE_LOOP_ANALYSIS = YES;
				CLANG_WARN_STRICT_PROTOTYPES = YES;
				CLANG_WARN_SUSPICIOUS_MOVE = YES;
				CLANG_WARN_UNGUARDED_AVAILABILITY = YES_AGGRESSIVE;
				CLANG_WARN_UNREACHABLE_CODE = YES;
				CLANG_WARN__DUPLICATE_METHOD_MATCH = YES;
				COPY_PHASE_STRIP = NO;
				DEBUG_INFORMATION_FORMAT = "dwarf-with-dsym";
				ENABLE_NS_ASSERTIONS = NO;
				ENABLE_STRICT_OBJC_MSGSEND = YES;
				GCC_C_LANGUAGE_STANDARD = gnu11;
				GCC_NO_COMMON_BLOCKS = YES;
				GCC_WARN_64_TO_32_BIT_CONVERSION = YES;
				GCC_WARN_ABOUT_RETURN_TYPE = YES_ERROR;
				GCC_WARN_UNDECLARED_SELECTOR = YES;
				GCC_WARN_UNINITIALIZED_AUTOS = YES_AGGRESSIVE;
				GCC_WARN_UNUSED_FUNCTION = YES;
				GCC_WARN_UNUSED_VARIABLE = YES;
				IPHONEOS_DEPLOYMENT_TARGET = 14.0;
				MTL_ENABLE_DEBUG_INFO = NO;
				MTL_FAST_MATH = YES;
				SDKROOT = iphoneos;
				VALIDATE_PRODUCT = YES;
			};
			name = Release;
		};
		44049364250F1556007242F7 /* Debug */ = {
			isa = XCBuildConfiguration;
			baseConfigurationReference = 8BAB221D06B6AA4E4E8BB46A /* Pods-H200914_Test_Protocol.debug.xcconfig */;
			buildSettings = {
				ALWAYS_EMBED_SWIFT_STANDARD_LIBRARIES = YES;
				ASSETCATALOG_COMPILER_APPICON_NAME = AppIcon;
				ASSETCATALOG_COMPILER_GLOBAL_ACCENT_COLOR_NAME = AccentColor;
				CLANG_ENABLE_MODULES = YES;
				CODE_SIGN_IDENTITY = "Apple Development";
				CODE_SIGN_STYLE = Automatic;
				DEVELOPMENT_TEAM = 595T2U49A2;
				FRAMEWORK_SEARCH_PATHS = (
					"$(inherited)",
					"$(PROJECT_DIR)/H200914_Test_Protocol",
					"$(PROJECT_DIR)",
				);
				INFOPLIST_FILE = H200914_Test_Protocol/Info.plist;
				IPHONEOS_DEPLOYMENT_TARGET = 10.3;
				LD_RUNPATH_SEARCH_PATHS = (
					"$(inherited)",
					"@executable_path/Frameworks",
				);
				OTHER_LDFLAGS = "";
				PRODUCT_BUNDLE_IDENTIFIER = com.houwei.H200914;
				PRODUCT_NAME = "$(TARGET_NAME)";
				PROVISIONING_PROFILE_SPECIFIER = "";
				SWIFT_OBJC_BRIDGING_HEADER = "";
				SWIFT_OPTIMIZATION_LEVEL = "-Onone";
				SWIFT_VERSION = 5.0;
				TARGETED_DEVICE_FAMILY = "1,2";
			};
			name = Debug;
		};
		44049365250F1556007242F7 /* Release */ = {
			isa = XCBuildConfiguration;
			baseConfigurationReference = 5177594BFF9D432A11F17830 /* Pods-H200914_Test_Protocol.release.xcconfig */;
			buildSettings = {
				ALWAYS_EMBED_SWIFT_STANDARD_LIBRARIES = YES;
				ASSETCATALOG_COMPILER_APPICON_NAME = AppIcon;
				ASSETCATALOG_COMPILER_GLOBAL_ACCENT_COLOR_NAME = AccentColor;
				CLANG_ENABLE_MODULES = YES;
				CODE_SIGN_IDENTITY = "Apple Development";
				CODE_SIGN_STYLE = Automatic;
				DEVELOPMENT_TEAM = 595T2U49A2;
				FRAMEWORK_SEARCH_PATHS = (
					"$(inherited)",
					"$(PROJECT_DIR)/H200914_Test_Protocol",
					"$(PROJECT_DIR)",
				);
				INFOPLIST_FILE = H200914_Test_Protocol/Info.plist;
				IPHONEOS_DEPLOYMENT_TARGET = 10.3;
				LD_RUNPATH_SEARCH_PATHS = (
					"$(inherited)",
					"@executable_path/Frameworks",
				);
				OTHER_LDFLAGS = "";
				PRODUCT_BUNDLE_IDENTIFIER = com.houwei.H200914;
				PRODUCT_NAME = "$(TARGET_NAME)";
				PROVISIONING_PROFILE_SPECIFIER = "";
				SWIFT_OBJC_BRIDGING_HEADER = "";
				SWIFT_VERSION = 5.0;
				TARGETED_DEVICE_FAMILY = "1,2";
			};
			name = Release;
		};
/* End XCBuildConfiguration section */

/* Begin XCConfigurationList section */
		44049343250F1553007242F7 /* Build configuration list for PBXProject "H200914_Test_Protocol" */ = {
			isa = XCConfigurationList;
			buildConfigurations = (
				44049361250F1556007242F7 /* Debug */,
				44049362250F1556007242F7 /* Release */,
			);
			defaultConfigurationIsVisible = 0;
			defaultConfigurationName = Release;
		};
		44049363250F1556007242F7 /* Build configuration list for PBXNativeTarget "H200914_Test_Protocol" */ = {
			isa = XCConfigurationList;
			buildConfigurations = (
				44049364250F1556007242F7 /* Debug */,
				44049365250F1556007242F7 /* Release */,
			);
			defaultConfigurationIsVisible = 0;
			defaultConfigurationName = Release;
		};
/* End XCConfigurationList section */
	};
	rootObject = 44049340250F1553007242F7 /* Project object */;
}
